{
  "name": "gan-web-bluetooth",
  "version": "3.0.2",
  "lockfileVersion": 3,
  "requires": true,
  "packages": {
    "": {
      "name": "gan-web-bluetooth",
      "version": "3.0.2",
      "license": "MIT",
      "devDependencies": {
        "@types/web-bluetooth": "^0.0.20"
      }
    },
    "node_modules/@types/web-bluetooth": {
      "version": "0.0.20",
      "resolved": "https://registry.npmjs.org/@types/web-bluetooth/-/web-bluetooth-0.0.20.tgz",
      "integrity": "sha512-g9gZnnXVq7gM7v3tJCWV/qw7w+KeOlSHAhgF9RytFyifW6AF61hdT2ucrYhPq9hLs5JIryeupHV3qGk95dH9ow==",
      "dev": true,
      "license": "MIT"
    }
  }
}
